
Microsoft Visual Studio Solution File, Format Version 12.00
# Visual Studio Version 16
VisualStudioVersion = 16.0.30523.141
MinimumVisualStudioVersion = 10.0.40219.1
Project("{9A19103F-16F7-4668-BE54-9A1E7A4F7556}") = "TargetingTestApp", "Grammar\TargetingTestApp.csproj", "{ADDA535B-3AF3-471F-AD61-81367E2D0F3D}"
EndProject
Global
	GlobalSection(SolutionConfigurationPlatforms) = preSolution
		Debug|Any CPU = Debug|Any CPU
		Release|Any CPU = Release|Any CPU
	EndGlobalSection
	GlobalSection(ProjectConfigurationPlatforms) = postSolution
		{ADDA535B-3AF3-471F-AD61-81367E2D0F3D}.Debug|Any CPU.ActiveCfg = Debug|Any CPU
		{ADDA535B-3AF3-471F-AD61-81367E2D0F3D}.Debug|Any CPU.Build.0 = Debug|Any CPU
		{ADDA535B-3AF3-471F-AD61-81367E2D0F3D}.Release|Any CPU.ActiveCfg = Release|Any CPU
		{ADDA535B-3AF3-471F-AD61-81367E2D0F3D}.Release|Any CPU.Build.0 = Release|Any CPU
	EndGlobalSection
	GlobalSection(SolutionProperties) = preSolution
		HideSolutionNode = FALSE
	EndGlobalSection
	GlobalSection(ExtensibilityGlobals) = postSolution
		SolutionGuid = {6602F573-1BC0-4499-A380-1C33D5D1A4F8}
	EndGlobalSection
EndGlobal
